<?xml version="1.0" encoding="utf-8"?>
<Project ToolsVersion="4.0" xmlns="http://schemas.microsoft.com/developer/msbuild/2003">
  <ItemGroup>
    <Filter Include="Resource Files">
      <UniqueIdentifier>{67DA6AB6-F800-4c08-8B7A-83BB121AAD01}</UniqueIdentifier>
      <Extensions>rc;ico;cur;bmp;dlg;rc2;rct;bin;rgs;gif;jpg;jpeg;jpe;resx;tiff;tif;png;wav;mfcribbon-ms</Extensions>
    </Filter>
    <Filter Include="Resource Files\Data">
      <UniqueIdentifier>{ae8837a1-22c2-430d-851b-2cf4fdb9334a}</UniqueIdentifier>
    </Filter>
    <Filter Include="Games">
      <UniqueIdentifier>{159b4277-0d84-4554-a349-9638940361cd}</UniqueIdentifier>
    </Filter>
    <Filter Include="Library">
      <UniqueIdentifier>{058597d0-fa78-48f2-99a5-3c7a17477ef6}</UniqueIdentifier>
    </Filter>
    <Filter Include="Games\SpaceLabyrinth">
      <UniqueIdentifier>{111994f7-d3d8-4e46-912c-7a658301f292}</UniqueIdentifier>
    </Filter>
    <Filter Include="Games\SpaceLabyrinthWin32">
      <UniqueIdentifier>{4ff146d3-8a45-478d-9775-8eefb9751029}</UniqueIdentifier>
    </Filter>
    <Filter Include="Library\Application">
      <UniqueIdentifier>{c26661a0-6a4e-4e3b-9af8-482ab50234bb}</UniqueIdentifier>
    </Filter>
    <Filter Include="Library\ApplicationWin32">
      <UniqueIdentifier>{89c19898-4a8f-4e0f-a678-b72f1170075e}</UniqueIdentifier>
    </Filter>
    <Filter Include="Library\Graphics">
      <UniqueIdentifier>{17fb0274-89d3-4e0e-9c0a-31e080dcbd5c}</UniqueIdentifier>
    </Filter>
    <Filter Include="Library\GraphicsWin32">
      <UniqueIdentifier>{f886de2f-6b3a-4341-ad9c-bcbd1c0730cb}</UniqueIdentifier>
    </Filter>
  </ItemGroup>
  <ItemGroup>
    <ClInclude Include="..\..\Library\Application\IApplication.h">
      <Filter>Library\Application</Filter>
    </ClInclude>
    <ClInclude Include="..\..\Library\Application\IProgram.h">
      <Filter>Library\Application</Filter>
    </ClInclude>
    <ClInclude Include="..\..\Library\ApplicationWin32\ApplicationWin32.h">
      <Filter>Library\ApplicationWin32</Filter>
    </ClInclude>
    <ClInclude Include="..\..\Library\Graphics\Bitmap.h">
      <Filter>Library\Graphics</Filter>
    </ClInclude>
    <ClInclude Include="..\..\Library\Graphics\Camera.h">
      <Filter>Library\Graphics</Filter>
    </ClInclude>
    <ClInclude Include="..\..\Library\Graphics\ICanvas.h">
      <Filter>Library\Graphics</Filter>
    </ClInclude>
    <ClInclude Include="..\..\Library\Graphics\IFont.h">
      <Filter>Library\Graphics</Filter>
    </ClInclude>
    <ClInclude Include="..\..\Library\Graphics\IImage.h">
      <Filter>Library\Graphics</Filter>
    </ClInclude>
    <ClInclude Include="..\..\Library\Graphics\Vector.h">
      <Filter>Library\Graphics</Filter>
    </ClInclude>
    <ClInclude Include="..\..\Library\GraphicsWin32\CanvasRGB.h">
      <Filter>Library\GraphicsWin32</Filter>
    </ClInclude>
    <ClInclude Include="..\Spacelabyrinth\IMaze.h">
      <Filter>Games\SpaceLabyrinth</Filter>
    </ClInclude>
    <ClInclude Include="..\Spacelabyrinth\IMazeFactory.h">
      <Filter>Games\SpaceLabyrinth</Filter>
    </ClInclude>
    <ClInclude Include="..\SpaceLabyrinth\ISpaceLabyrinthPlatform.h">
      <Filter>Games\SpaceLabyrinth</Filter>
    </ClInclude>
    <ClInclude Include="..\Spacelabyrinth\OriginalMaze.h">
      <Filter>Games\SpaceLabyrinth</Filter>
    </ClInclude>
    <ClInclude Include="..\Spacelabyrinth\OriginalMazeFactory.h">
      <Filter>Games\SpaceLabyrinth</Filter>
    </ClInclude>
    <ClInclude Include="..\SpaceLabyrinth\SpaceLabyrinth.h">
      <Filter>Games\SpaceLabyrinth</Filter>
    </ClInclude>
    <ClInclude Include="SpaceLabyrinthWin32Platform.h">
      <Filter>Games\SpaceLabyrinthWin32</Filter>
    </ClInclude>
    <ClInclude Include="pch.h" />
    <ClInclude Include="..\..\Library\ApplicationWin32\IApplicationWin32.h">
      <Filter>Library\ApplicationWin32</Filter>
    </ClInclude>
  </ItemGroup>
  <ItemGroup>
    <ClCompile Include="..\..\Library\ApplicationWin32\ApplicationWin32.cpp">
      <Filter>Library\ApplicationWin32</Filter>
    </ClCompile>
    <ClCompile Include="..\..\Library\GraphicsWin32\CanvasRGB.cpp">
      <Filter>Library\GraphicsWin32</Filter>
    </ClCompile>
    <ClCompile Include="..\..\Library\Graphics\Bitmap.cpp">
      <Filter>Library\Graphics</Filter>
    </ClCompile>
    <ClCompile Include="..\..\Library\Graphics\Camera.cpp">
      <Filter>Library\Graphics</Filter>
    </ClCompile>
    <ClCompile Include="..\..\Library\Graphics\Vector.cpp">
      <Filter>Library\Graphics</Filter>
    </ClCompile>
    <ClCompile Include="SpaceLabyrinthWin32Platform.cpp">
      <Filter>Games\SpaceLabyrinthWin32</Filter>
    </ClCompile>
    <ClCompile Include="..\Spacelabyrinth\OriginalMaze.cpp">
      <Filter>Games\SpaceLabyrinth</Filter>
    </ClCompile>
    <ClCompile Include="..\Spacelabyrinth\OriginalMazeFactory.cpp">
      <Filter>Games\SpaceLabyrinth</Filter>
    </ClCompile>
    <ClCompile Include="..\Spacelabyrinth\SpaceLabyrinth.cpp">
      <Filter>Games\SpaceLabyrinth</Filter>
    </ClCompile>
    <ClCompile Include="WinMain.cpp" />
  </ItemGroup>
  <ItemGroup>
    <None Include="Data\BIGHEAD.BMP">
      <Filter>Resource Files\Data</Filter>
    </None>
    <None Include="Data\BIGHEAD2.bmp">
      <Filter>Resource Files\Data</Filter>
    </None>
    <None Include="Data\Mandelbrot%27s Eye.bmp">
      <Filter>Resource Files\Data</Filter>
    </None>
    <None Include="Data\POKEBALL.BMP">
      <Filter>Resource Files\Data</Filter>
    </None>
    <None Include="Data\test.bmp">
      <Filter>Resource Files\Data</Filter>
    </None>
    <None Include="Data\test1.bmp">
      <Filter>Resource Files\Data</Filter>
    </None>
    <None Include="Data\test2.bmp">
      <Filter>Resource Files\Data</Filter>
    </None>
    <None Include="Data\test3.bmp">
      <Filter>Resource Files\Data</Filter>
    </None>
  </ItemGroup>
</Project>