
Microsoft Visual Studio Solution File, Format Version 11.00
# Visual Web Developer Express 2010
Project("{FAE04EC0-301F-11D3-BF4B-00C04F79EFBC}") = "Turbo.Budget.MVC", "Turbo.Budget.MVC\Turbo.Budget.MVC.csproj", "{CF2DC376-BEEC-48B4-8952-235EA4663337}"
EndProject
Global
	GlobalSection(SolutionConfigurationPlatforms) = preSolution
		Debug|Any CPU = Debug|Any CPU
		Release|Any CPU = Release|Any CPU
	EndGlobalSection
	GlobalSection(ProjectConfigurationPlatforms) = postSolution
		{CF2DC376-BEEC-48B4-8952-235EA4663337}.Debug|Any CPU.ActiveCfg = Debug|Any CPU
		{CF2DC376-BEEC-48B4-8952-235EA4663337}.Debug|Any CPU.Build.0 = Debug|Any CPU
		{CF2DC376-BEEC-48B4-8952-235EA4663337}.Release|Any CPU.ActiveCfg = Release|Any CPU
		{CF2DC376-BEEC-48B4-8952-235EA4663337}.Release|Any CPU.Build.0 = Release|Any CPU
	EndGlobalSection
	GlobalSection(SolutionProperties) = preSolution
		HideSolutionNode = FALSE
	EndGlobalSection
EndGlobal
