<?xml version="1.0" encoding="utf-8"?>
<Project ToolsVersion="4.0" xmlns="http://schemas.microsoft.com/developer/msbuild/2003">
  <ItemGroup>
    <Filter Include="Assets">
      <UniqueIdentifier>ef39b142-9f9b-402b-9297-7664389b08c5</UniqueIdentifier>
      <Extensions>bmp;fbx;gif;jpg;jpeg;tga;tiff;tif;png</Extensions>
    </Filter>
    <Image Include="Assets\LockScreenLogo.scale-200.png">
      <Filter>Assets</Filter>
    </Image>
    <Image Include="Assets\SplashScreen.scale-200.png">
      <Filter>Assets</Filter>
    </Image>
    <Image Include="Assets\Square150x150Logo.scale-200.png">
      <Filter>Assets</Filter>
    </Image>
    <Image Include="Assets\Square44x44Logo.scale-200.png">
      <Filter>Assets</Filter>
    </Image>
    <Image Include="Assets\Square44x44Logo.targetsize-24_altform-unplated.png">
      <Filter>Assets</Filter>
    </Image>
    <Image Include="Assets\StoreLogo.png">
      <Filter>Assets</Filter>
    </Image>
    <Image Include="Assets\Wide310x150Logo.scale-200.png">
      <Filter>Assets</Filter>
    </Image>
    <Filter Include="Games">
      <UniqueIdentifier>{48258ef2-a876-43c3-937f-2afb0705e1a4}</UniqueIdentifier>
    </Filter>
    <Filter Include="Games\SpaceLabyrinth">
      <UniqueIdentifier>{46a37cbb-0570-4d11-923b-88c2ae490709}</UniqueIdentifier>
    </Filter>
    <Filter Include="Library">
      <UniqueIdentifier>{371eae76-03b7-408f-928e-ebb5b6ea15fd}</UniqueIdentifier>
    </Filter>
    <Filter Include="Library\TurboGame">
      <UniqueIdentifier>{8186e410-5764-4f81-8567-f182f968f8e7}</UniqueIdentifier>
    </Filter>
    <Filter Include="Library\TurboScene">
      <UniqueIdentifier>{a30271b4-6545-4524-98e6-420cbe4e17e3}</UniqueIdentifier>
    </Filter>
    <Filter Include="Library\TurboMath">
      <UniqueIdentifier>{9e5a5987-625d-41d6-bf2b-76339f026edb}</UniqueIdentifier>
    </Filter>
    <Filter Include="Games\SpaceLabyrinth\OriginalLevel">
      <UniqueIdentifier>{563848d4-569a-466b-8f96-24c9ab6188b5}</UniqueIdentifier>
    </Filter>
    <Filter Include="Library\TurboGraphics">
      <UniqueIdentifier>{07170d58-390d-4044-8b2c-41c8217037a5}</UniqueIdentifier>
    </Filter>
    <Filter Include="Platform">
      <UniqueIdentifier>{24149928-68bd-4e83-90d6-f688a01da37e}</UniqueIdentifier>
    </Filter>
    <Filter Include="Platform\DirectX12">
      <UniqueIdentifier>{3dff73ec-100c-4f4c-852e-586f7d862740}</UniqueIdentifier>
    </Filter>
    <Filter Include="Platform\Windows10">
      <UniqueIdentifier>{8efcf0c3-e445-4202-8858-7dcd29968ed4}</UniqueIdentifier>
    </Filter>
    <Filter Include="Platform\DirectX12\Shaders">
      <UniqueIdentifier>{d82bd387-5677-4441-8a26-db069867b199}</UniqueIdentifier>
    </Filter>
    <Filter Include="Resources">
      <UniqueIdentifier>{da868711-3616-489b-af0d-ae3d6ce8daf1}</UniqueIdentifier>
    </Filter>
    <Filter Include="Resources\Textures">
      <UniqueIdentifier>{f47127bc-958b-4cf0-909d-4d0f77ee2579}</UniqueIdentifier>
      <Extensions>bmp;fbx;gif;jpg;jpeg;tga;tiff;tif;png</Extensions>
    </Filter>
    <Filter Include="Games\SpaceLabyrinth\CubicMaze">
      <UniqueIdentifier>{f71a393d-e5bb-4fdc-b8d1-3d787cf614ef}</UniqueIdentifier>
    </Filter>
    <Filter Include="Library\TurboCore">
      <UniqueIdentifier>{94b4f0a2-794f-4d60-be23-ff2a06a20325}</UniqueIdentifier>
    </Filter>
    <Filter Include="Library\TurboCore\TurboDebug">
      <UniqueIdentifier>{1c685eb6-ebcf-4f2f-82e0-20a7ee7ef59a}</UniqueIdentifier>
    </Filter>
    <Filter Include="Games\SpaceLabyrinth\Level0">
      <UniqueIdentifier>{1e0f0038-cdc3-4e86-80ad-bcbfad42a6d8}</UniqueIdentifier>
    </Filter>
  </ItemGroup>
  <ItemGroup>
    <ClCompile Include="pch.cpp" />
    <ClCompile Include="main.cpp" />
    <ClCompile Include="..\Spacelabyrinth\SpaceLabyrinth.cpp">
      <Filter>Games\SpaceLabyrinth</Filter>
    </ClCompile>
    <ClCompile Include="..\..\Library\TurboGame\TurboGameState.cpp">
      <Filter>Library\TurboGame</Filter>
    </ClCompile>
    <ClCompile Include="..\..\Library\TurboScene\TurboScene.cpp">
      <Filter>Library\TurboScene</Filter>
    </ClCompile>
    <ClCompile Include="..\..\Library\TurboScene\TurboSceneMaterial.cpp">
      <Filter>Library\TurboScene</Filter>
    </ClCompile>
    <ClCompile Include="..\..\Library\TurboScene\TurboSceneMesh.cpp">
      <Filter>Library\TurboScene</Filter>
    </ClCompile>
    <ClCompile Include="..\..\Library\TurboScene\TurboSceneObject.cpp">
      <Filter>Library\TurboScene</Filter>
    </ClCompile>
    <ClCompile Include="..\..\Library\TurboScene\TurboScenePixelShader.cpp">
      <Filter>Library\TurboScene</Filter>
    </ClCompile>
    <ClCompile Include="..\..\Library\TurboScene\TurboScenePlacement.cpp">
      <Filter>Library\TurboScene</Filter>
    </ClCompile>
    <ClCompile Include="..\..\Library\TurboScene\TurboSceneTexture.cpp">
      <Filter>Library\TurboScene</Filter>
    </ClCompile>
    <ClCompile Include="..\..\Library\TurboScene\TurboSceneVertexShader.cpp">
      <Filter>Library\TurboScene</Filter>
    </ClCompile>
    <ClCompile Include="..\..\Library\TurboMath\TurboVector3D.cpp">
      <Filter>Library\TurboMath</Filter>
    </ClCompile>
    <ClCompile Include="..\..\Library\TurboMath\TurboMatrix4x4.cpp">
      <Filter>Library\TurboMath</Filter>
    </ClCompile>
    <ClCompile Include="..\..\Library\TurboMath\TurboVector2D.cpp">
      <Filter>Library\TurboMath</Filter>
    </ClCompile>
    <ClCompile Include="..\Spacelabyrinth\OriginalLevel\OriginalLevel.cpp">
      <Filter>Games\SpaceLabyrinth\OriginalLevel</Filter>
    </ClCompile>
    <ClCompile Include="..\Spacelabyrinth\OriginalLevel\OriginalPlayer.cpp">
      <Filter>Games\SpaceLabyrinth\OriginalLevel</Filter>
    </ClCompile>
    <ClCompile Include="..\..\Library\TurboGraphics\TurboBitmap.cpp">
      <Filter>Library\TurboGraphics</Filter>
    </ClCompile>
    <ClCompile Include="..\..\Library\TurboGraphics\TurboCanvasRGB24.cpp">
      <Filter>Library\TurboGraphics</Filter>
    </ClCompile>
    <ClCompile Include="..\..\Library\TurboGraphics\TurboCanvasRGBA32.cpp">
      <Filter>Library\TurboGraphics</Filter>
    </ClCompile>
    <ClCompile Include="..\..\Platform\DirectX12\DirectX12Renderer.cpp">
      <Filter>Platform\DirectX12</Filter>
    </ClCompile>
    <ClCompile Include="..\..\Platform\DirectX12\DirectX12DeviceResources.cpp">
      <Filter>Platform\DirectX12</Filter>
    </ClCompile>
    <ClCompile Include="..\..\Platform\Windows10\Windows10FrameworkView.cpp">
      <Filter>Platform\Windows10</Filter>
    </ClCompile>
    <ClCompile Include="..\..\Platform\Windows10\Windows10FrameworkViewSource.cpp">
      <Filter>Platform\Windows10</Filter>
    </ClCompile>
    <ClCompile Include="..\..\Platform\Windows10\Windows10GameController.cpp">
      <Filter>Platform\Windows10</Filter>
    </ClCompile>
    <ClCompile Include="..\..\Platform\Windows10\Windows10NavigationControl.cpp">
      <Filter>Platform\Windows10</Filter>
    </ClCompile>
    <ClCompile Include="..\..\Platform\Windows10\Windows10Platform.cpp">
      <Filter>Platform\Windows10</Filter>
    </ClCompile>
    <ClCompile Include="..\..\Platform\Windows10\Windows10GameApplication.cpp">
      <Filter>Platform\Windows10</Filter>
    </ClCompile>
    <ClCompile Include="..\..\Platform\Windows10\Windows10IOService.cpp">
      <Filter>Platform\Windows10</Filter>
    </ClCompile>
    <ClCompile Include="..\Spacelabyrinth\CubicMaze\CubicMaze.cpp">
      <Filter>Games\SpaceLabyrinth\CubicMaze</Filter>
    </ClCompile>
    <ClCompile Include="..\Spacelabyrinth\CubicMaze\CubicMazeSceneBuilder.cpp">
      <Filter>Games\SpaceLabyrinth\CubicMaze</Filter>
    </ClCompile>
    <ClCompile Include="..\Spacelabyrinth\CubicMaze\CubicMazeSceneObject.cpp">
      <Filter>Games\SpaceLabyrinth\CubicMaze</Filter>
    </ClCompile>
    <ClCompile Include="..\Spacelabyrinth\CubicMaze\CubicMazeWallMesh.cpp">
      <Filter>Games\SpaceLabyrinth\CubicMaze</Filter>
    </ClCompile>
    <ClCompile Include="..\Spacelabyrinth\CubicMaze\CubicMazeCornerMesh.cpp">
      <Filter>Games\SpaceLabyrinth\CubicMaze</Filter>
    </ClCompile>
    <ClCompile Include="..\Spacelabyrinth\CubicMaze\CubicMazeEdgeMesh.cpp">
      <Filter>Games\SpaceLabyrinth\CubicMaze</Filter>
    </ClCompile>
    <ClCompile Include="..\Spacelabyrinth\CubicMaze\CubicMazeFactory.cpp">
      <Filter>Games\SpaceLabyrinth\CubicMaze</Filter>
    </ClCompile>
    <ClCompile Include="..\..\Library\TurboCore\TurboDebug\TurboDebug.cpp">
      <Filter>Library\TurboCore\TurboDebug</Filter>
    </ClCompile>
    <ClCompile Include="..\..\Library\TurboCore\TurboDebug\TurboDebugMemoryLogger.cpp">
      <Filter>Library\TurboCore\TurboDebug</Filter>
    </ClCompile>
    <ClCompile Include="..\SpaceLabyrinth\Level0\Level0.cpp">
      <Filter>Games\SpaceLabyrinth\Level0</Filter>
    </ClCompile>
    <ClCompile Include="..\SpaceLabyrinth\Level0\Level0CubicMazeFactory.cpp">
      <Filter>Games\SpaceLabyrinth\Level0</Filter>
    </ClCompile>
    <ClCompile Include="..\SpaceLabyrinth\Level0\Level0Player.cpp">
      <Filter>Games\SpaceLabyrinth\Level0</Filter>
    </ClCompile>
    <ClCompile Include="..\SpaceLabyrinth\Level0\Level01.cpp">
      <Filter>Games\SpaceLabyrinth\Level0</Filter>
    </ClCompile>
    <ClCompile Include="..\SpaceLabyrinth\CubicMaze\CubicMazeObjectInteractions.cpp">
      <Filter>Games\SpaceLabyrinth\CubicMaze</Filter>
    </ClCompile>
    <ClCompile Include="..\SpaceLabyrinth\Level0\Level02.cpp">
      <Filter>Games\SpaceLabyrinth\Level0</Filter>
    </ClCompile>
    <ClCompile Include="..\SpaceLabyrinth\Level0\Level03.cpp">
      <Filter>Games\SpaceLabyrinth\Level0</Filter>
    </ClCompile>
    <ClCompile Include="..\SpaceLabyrinth\Level0\Level04.cpp">
      <Filter>Games\SpaceLabyrinth\Level0</Filter>
    </ClCompile>
    <ClCompile Include="..\..\Platform\Windows10\Windows10DebugFileLogger.cpp">
      <Filter>Platform\Windows10</Filter>
    </ClCompile>
  </ItemGroup>
  <ItemGroup>
    <ClInclude Include="pch.h" />
    <ClInclude Include="..\Spacelabyrinth\SpaceLabyrinth.h">
      <Filter>Games\SpaceLabyrinth</Filter>
    </ClInclude>
    <ClInclude Include="..\..\Library\TurboGame\TurboGameState.h">
      <Filter>Library\TurboGame</Filter>
    </ClInclude>
    <ClInclude Include="..\..\Library\TurboGame\ITurboGameController.h">
      <Filter>Library\TurboGame</Filter>
    </ClInclude>
    <ClInclude Include="..\..\Library\TurboGame\ITurboGameLevel.h">
      <Filter>Library\TurboGame</Filter>
    </ClInclude>
    <ClInclude Include="..\..\Library\TurboGame\ITurboGameState.h">
      <Filter>Library\TurboGame</Filter>
    </ClInclude>
    <ClInclude Include="..\..\Library\TurboScene\TurboSceneVertexShader.h">
      <Filter>Library\TurboScene</Filter>
    </ClInclude>
    <ClInclude Include="..\..\Library\TurboScene\ITurboScene.h">
      <Filter>Library\TurboScene</Filter>
    </ClInclude>
    <ClInclude Include="..\..\Library\TurboScene\ITurboSceneBuilder.h">
      <Filter>Library\TurboScene</Filter>
    </ClInclude>
    <ClInclude Include="..\..\Library\TurboScene\ITurboSceneMaterial.h">
      <Filter>Library\TurboScene</Filter>
    </ClInclude>
    <ClInclude Include="..\..\Library\TurboScene\ITurboSceneMesh.h">
      <Filter>Library\TurboScene</Filter>
    </ClInclude>
    <ClInclude Include="..\..\Library\TurboScene\ITurboSceneObject.h">
      <Filter>Library\TurboScene</Filter>
    </ClInclude>
    <ClInclude Include="..\..\Library\TurboScene\ITurboScenePixelShader.h">
      <Filter>Library\TurboScene</Filter>
    </ClInclude>
    <ClInclude Include="..\..\Library\TurboScene\ITurboScenePlacement.h">
      <Filter>Library\TurboScene</Filter>
    </ClInclude>
    <ClInclude Include="..\..\Library\TurboScene\ITurboSceneTexture.h">
      <Filter>Library\TurboScene</Filter>
    </ClInclude>
    <ClInclude Include="..\..\Library\TurboScene\ITurboSceneVertexShader.h">
      <Filter>Library\TurboScene</Filter>
    </ClInclude>
    <ClInclude Include="..\..\Library\TurboScene\TurboScene.h">
      <Filter>Library\TurboScene</Filter>
    </ClInclude>
    <ClInclude Include="..\..\Library\TurboScene\TurboSceneMaterial.h">
      <Filter>Library\TurboScene</Filter>
    </ClInclude>
    <ClInclude Include="..\..\Library\TurboScene\TurboSceneMesh.h">
      <Filter>Library\TurboScene</Filter>
    </ClInclude>
    <ClInclude Include="..\..\Library\TurboScene\TurboSceneObject.h">
      <Filter>Library\TurboScene</Filter>
    </ClInclude>
    <ClInclude Include="..\..\Library\TurboScene\TurboScenePixelShader.h">
      <Filter>Library\TurboScene</Filter>
    </ClInclude>
    <ClInclude Include="..\..\Library\TurboScene\TurboScenePlacement.h">
      <Filter>Library\TurboScene</Filter>
    </ClInclude>
    <ClInclude Include="..\..\Library\TurboScene\TurboSceneTexture.h">
      <Filter>Library\TurboScene</Filter>
    </ClInclude>
    <ClInclude Include="..\..\Library\TurboMath\TurboVector3D.h">
      <Filter>Library\TurboMath</Filter>
    </ClInclude>
    <ClInclude Include="..\..\Library\TurboMath\TurboMatrix4x4.h">
      <Filter>Library\TurboMath</Filter>
    </ClInclude>
    <ClInclude Include="..\..\Library\TurboMath\TurboVector2D.h">
      <Filter>Library\TurboMath</Filter>
    </ClInclude>
    <ClInclude Include="..\Spacelabyrinth\OriginalLevel\OriginalLevel.h">
      <Filter>Games\SpaceLabyrinth\OriginalLevel</Filter>
    </ClInclude>
    <ClInclude Include="..\Spacelabyrinth\OriginalLevel\OriginalPlayer.h">
      <Filter>Games\SpaceLabyrinth\OriginalLevel</Filter>
    </ClInclude>
    <ClInclude Include="..\..\Library\TurboGraphics\ITurboCanvas.h">
      <Filter>Library\TurboGraphics</Filter>
    </ClInclude>
    <ClInclude Include="..\..\Library\TurboGraphics\ITurboFont.h">
      <Filter>Library\TurboGraphics</Filter>
    </ClInclude>
    <ClInclude Include="..\..\Library\TurboGraphics\ITurboImage.h">
      <Filter>Library\TurboGraphics</Filter>
    </ClInclude>
    <ClInclude Include="..\..\Library\TurboGraphics\TurboBitmap.h">
      <Filter>Library\TurboGraphics</Filter>
    </ClInclude>
    <ClInclude Include="..\..\Library\TurboGraphics\TurboCanvasRGB24.h">
      <Filter>Library\TurboGraphics</Filter>
    </ClInclude>
    <ClInclude Include="..\..\Library\TurboGraphics\TurboCanvasRGBA32.h">
      <Filter>Library\TurboGraphics</Filter>
    </ClInclude>
    <ClInclude Include="..\..\Platform\DirectX12\d3dx12.h">
      <Filter>Platform\DirectX12</Filter>
    </ClInclude>
    <ClInclude Include="..\..\Platform\Windows10\Windows10Helpers.h">
      <Filter>Platform\Windows10</Filter>
    </ClInclude>
    <ClInclude Include="..\..\Platform\Windows10\Windows10Timer.h">
      <Filter>Platform\Windows10</Filter>
    </ClInclude>
    <ClInclude Include="..\..\Platform\DirectX12\DirectX12Renderer.h">
      <Filter>Platform\DirectX12</Filter>
    </ClInclude>
    <ClInclude Include="..\..\Platform\DirectX12\DirectX12DeviceResources.h">
      <Filter>Platform\DirectX12</Filter>
    </ClInclude>
    <ClInclude Include="..\..\Platform\Windows10\Windows10FrameworkView.h">
      <Filter>Platform\Windows10</Filter>
    </ClInclude>
    <ClInclude Include="..\..\Platform\Windows10\Windows10FrameworkViewSource.h">
      <Filter>Platform\Windows10</Filter>
    </ClInclude>
    <ClInclude Include="..\..\Platform\Windows10\Windows10GameController.h">
      <Filter>Platform\Windows10</Filter>
    </ClInclude>
    <ClInclude Include="..\..\Platform\Windows10\Windows10NavigationControl.h">
      <Filter>Platform\Windows10</Filter>
    </ClInclude>
    <ClInclude Include="..\..\Platform\Windows10\Windows10Platform.h">
      <Filter>Platform\Windows10</Filter>
    </ClInclude>
    <ClInclude Include="..\..\Library\TurboGame\ITurboGameApplication.h">
      <Filter>Library\TurboGame</Filter>
    </ClInclude>
    <ClInclude Include="..\..\Library\TurboGame\ITurboGame.h">
      <Filter>Library\TurboGame</Filter>
    </ClInclude>
    <ClInclude Include="..\..\Platform\Windows10\Windows10GameApplication.h">
      <Filter>Platform\Windows10</Filter>
    </ClInclude>
    <ClInclude Include="..\..\Library\TurboGame\ITurboGameIOService.h">
      <Filter>Library\TurboGame</Filter>
    </ClInclude>
    <ClInclude Include="..\..\Library\TurboGame\ITurboGamePlatform.h">
      <Filter>Library\TurboGame</Filter>
    </ClInclude>
    <ClInclude Include="..\..\Library\TurboGame\ITurboGameRenderer.h">
      <Filter>Library\TurboGame</Filter>
    </ClInclude>
    <ClInclude Include="..\..\Platform\Windows10\Windows10IOService.h">
      <Filter>Platform\Windows10</Filter>
    </ClInclude>
    <ClInclude Include="..\..\Platform\DirectX12\Shaders\DirectX12ShaderStructures.h">
      <Filter>Platform\DirectX12\Shaders</Filter>
    </ClInclude>
    <ClInclude Include="..\..\Library\TurboScene\TurboSceneTypes.h">
      <Filter>Library\TurboScene</Filter>
    </ClInclude>
    <ClInclude Include="..\..\Library\TurboGraphics\TurboColor.h">
      <Filter>Library\TurboGraphics</Filter>
    </ClInclude>
    <ClInclude Include="..\Spacelabyrinth\CubicMaze\ICubicMazeFactory.h">
      <Filter>Games\SpaceLabyrinth\CubicMaze</Filter>
    </ClInclude>
    <ClInclude Include="..\Spacelabyrinth\CubicMaze\CubicMaze.h">
      <Filter>Games\SpaceLabyrinth\CubicMaze</Filter>
    </ClInclude>
    <ClInclude Include="..\Spacelabyrinth\CubicMaze\CubicMazeSceneBuilder.h">
      <Filter>Games\SpaceLabyrinth\CubicMaze</Filter>
    </ClInclude>
    <ClInclude Include="..\Spacelabyrinth\CubicMaze\CubicMazeSceneObject.h">
      <Filter>Games\SpaceLabyrinth\CubicMaze</Filter>
    </ClInclude>
    <ClInclude Include="..\Spacelabyrinth\CubicMaze\CubicMazeWallMesh.h">
      <Filter>Games\SpaceLabyrinth\CubicMaze</Filter>
    </ClInclude>
    <ClInclude Include="..\Spacelabyrinth\CubicMaze\CubicMazeCornerMesh.h">
      <Filter>Games\SpaceLabyrinth\CubicMaze</Filter>
    </ClInclude>
    <ClInclude Include="..\Spacelabyrinth\CubicMaze\CubicMazeEdgeMesh.h">
      <Filter>Games\SpaceLabyrinth\CubicMaze</Filter>
    </ClInclude>
    <ClInclude Include="..\Spacelabyrinth\CubicMaze\CubicMazeFactory.h">
      <Filter>Games\SpaceLabyrinth\CubicMaze</Filter>
    </ClInclude>
    <ClInclude Include="..\SpaceLabyrinth\CubicMaze\ICubicMazeSceneBuilder.h">
      <Filter>Games\SpaceLabyrinth\CubicMaze</Filter>
    </ClInclude>
    <ClInclude Include="..\..\Library\TurboCore\TurboDebug\ITurboDebug.h">
      <Filter>Library\TurboCore\TurboDebug</Filter>
    </ClInclude>
    <ClInclude Include="..\..\Library\TurboCore\TurboDebug\ITurboDebugLogger.h">
      <Filter>Library\TurboCore\TurboDebug</Filter>
    </ClInclude>
    <ClInclude Include="..\..\Library\TurboCore\TurboDebug\TurboDebug.h">
      <Filter>Library\TurboCore\TurboDebug</Filter>
    </ClInclude>
    <ClInclude Include="..\..\Library\TurboCore\TurboDebug\TurboDebugMemoryLogger.h">
      <Filter>Library\TurboCore\TurboDebug</Filter>
    </ClInclude>
    <ClInclude Include="..\..\Library\TurboCore\TurboDebug\TurboDebugTypes.h">
      <Filter>Library\TurboCore\TurboDebug</Filter>
    </ClInclude>
    <ClInclude Include="..\SpaceLabyrinth\Level0\Level0.h">
      <Filter>Games\SpaceLabyrinth\Level0</Filter>
    </ClInclude>
    <ClInclude Include="..\SpaceLabyrinth\Level0\Level0CubicMazeFactory.h">
      <Filter>Games\SpaceLabyrinth\Level0</Filter>
    </ClInclude>
    <ClInclude Include="..\SpaceLabyrinth\Level0\Level0Player.h">
      <Filter>Games\SpaceLabyrinth\Level0</Filter>
    </ClInclude>
    <ClInclude Include="..\SpaceLabyrinth\Level0\Level01.h">
      <Filter>Games\SpaceLabyrinth\Level0</Filter>
    </ClInclude>
    <ClInclude Include="..\..\Library\TurboCore\TurboDebug\TurboDebugStreamBuf.h">
      <Filter>Library\TurboCore\TurboDebug</Filter>
    </ClInclude>
    <ClInclude Include="..\..\Library\TurboCore\TurboDebug\TurboDebugStream.h">
      <Filter>Library\TurboCore\TurboDebug</Filter>
    </ClInclude>
    <ClInclude Include="..\SpaceLabyrinth\CubicMaze\CubicMazeObjectInteractions.h">
      <Filter>Games\SpaceLabyrinth\CubicMaze</Filter>
    </ClInclude>
    <ClInclude Include="..\SpaceLabyrinth\Level0\Level02.h">
      <Filter>Games\SpaceLabyrinth\Level0</Filter>
    </ClInclude>
    <ClInclude Include="..\SpaceLabyrinth\Level0\Level03.h">
      <Filter>Games\SpaceLabyrinth\Level0</Filter>
    </ClInclude>
    <ClInclude Include="..\SpaceLabyrinth\Level0\Level04.h">
      <Filter>Games\SpaceLabyrinth\Level0</Filter>
    </ClInclude>
    <ClInclude Include="..\..\Platform\Windows10\Windows10DebugFileLogger.h">
      <Filter>Platform\Windows10</Filter>
    </ClInclude>
    <ClInclude Include="..\..\Library\TurboScene\ITurboSceneLight.h">
      <Filter>Library\TurboScene</Filter>
    </ClInclude>
    <ClInclude Include="..\..\Library\TurboScene\TurboSceneAmbientLight.h">
      <Filter>Library\TurboScene</Filter>
    </ClInclude>
    <ClInclude Include="..\..\Library\TurboScene\TurboScenePointLight.h">
      <Filter>Library\TurboScene</Filter>
    </ClInclude>
    <ClInclude Include="..\..\Library\TurboScene\TurboSceneDirectionalLight.h">
      <Filter>Library\TurboScene</Filter>
    </ClInclude>
    <ClInclude Include="..\..\Library\TurboScene\TurboSceneSpotLight.h">
      <Filter>Library\TurboScene</Filter>
    </ClInclude>
    <ClInclude Include="..\..\Library\TurboGame\TurboGameTypes.h">
      <Filter>Library\TurboGame</Filter>
    </ClInclude>
  </ItemGroup>
  <ItemGroup>
    <AppxManifest Include="Package.appxmanifest" />
  </ItemGroup>
  <ItemGroup>
    <None Include="SpaceLabyrinthDX12_TemporaryKey.pfx" />
    <None Include="..\..\Platform\DirectX12\Shaders\DX12ShaderStructures.hlsli">
      <Filter>Platform\DirectX12\Shaders</Filter>
    </None>
  </ItemGroup>
  <ItemGroup>
    <FxCompile Include="..\..\Platform\DirectX12\Shaders\DX12VertexShader.hlsl">
      <Filter>Platform\DirectX12\Shaders</Filter>
    </FxCompile>
    <FxCompile Include="..\..\Platform\DirectX12\Shaders\DX12PixelShader.hlsl">
      <Filter>Platform\DirectX12\Shaders</Filter>
    </FxCompile>
  </ItemGroup>
  <ItemGroup>
    <Image Include="..\..\Resources\Textures\OriginalWall.bmp">
      <Filter>Resources\Textures</Filter>
    </Image>
    <Image Include="..\..\Resources\Textures\OriginalCeiling.bmp">
      <Filter>Resources\Textures</Filter>
    </Image>
    <Image Include="..\..\Resources\Textures\OriginalCorner.bmp">
      <Filter>Resources\Textures</Filter>
    </Image>
    <Image Include="..\..\Resources\Textures\OriginalEdge.bmp">
      <Filter>Resources\Textures</Filter>
    </Image>
    <Image Include="..\..\Resources\Textures\OriginalFloor.bmp">
      <Filter>Resources\Textures</Filter>
    </Image>
    <Image Include="..\..\Resources\Textures\Level00Wall.bmp">
      <Filter>Resources\Textures</Filter>
    </Image>
    <Image Include="..\..\Resources\Textures\Level00Ceiling.bmp">
      <Filter>Resources\Textures</Filter>
    </Image>
    <Image Include="..\..\Resources\Textures\Level00Corner.bmp">
      <Filter>Resources\Textures</Filter>
    </Image>
    <Image Include="..\..\Resources\Textures\Level00Edge.bmp">
      <Filter>Resources\Textures</Filter>
    </Image>
    <Image Include="..\..\Resources\Textures\Level00Floor.bmp">
      <Filter>Resources\Textures</Filter>
    </Image>
    <Image Include="..\..\Resources\Textures\Level00Exit.bmp">
      <Filter>Resources\Textures</Filter>
    </Image>
    <Image Include="..\..\Resources\Textures\Level00ExitBack.bmp">
      <Filter>Resources\Textures</Filter>
    </Image>
    <Image Include="..\..\Resources\Textures\Level00ExitLocked.bmp">
      <Filter>Resources\Textures</Filter>
    </Image>
    <Image Include="..\..\Resources\Textures\Level00Entrance.bmp">
      <Filter>Resources\Textures</Filter>
    </Image>
    <Image Include="..\..\Resources\Textures\Level00EntranceBack.bmp">
      <Filter>Resources\Textures</Filter>
    </Image>
    <Image Include="..\..\Resources\Textures\Level00EntranceLocked.bmp">
      <Filter>Resources\Textures</Filter>
    </Image>
    <Image Include="..\..\Resources\Textures\Level04Ceiling.bmp">
      <Filter>Resources\Textures</Filter>
    </Image>
    <Image Include="..\..\Resources\Textures\Level04Corner.bmp">
      <Filter>Resources\Textures</Filter>
    </Image>
    <Image Include="..\..\Resources\Textures\Level04Edge.bmp">
      <Filter>Resources\Textures</Filter>
    </Image>
    <Image Include="..\..\Resources\Textures\Level04Entrance.bmp">
      <Filter>Resources\Textures</Filter>
    </Image>
    <Image Include="..\..\Resources\Textures\Level04EntranceBack.bmp">
      <Filter>Resources\Textures</Filter>
    </Image>
    <Image Include="..\..\Resources\Textures\Level04EntranceLocked.bmp">
      <Filter>Resources\Textures</Filter>
    </Image>
    <Image Include="..\..\Resources\Textures\Level04Exit.bmp">
      <Filter>Resources\Textures</Filter>
    </Image>
    <Image Include="..\..\Resources\Textures\Level04ExitBack.bmp">
      <Filter>Resources\Textures</Filter>
    </Image>
    <Image Include="..\..\Resources\Textures\Level04ExitLocked.bmp">
      <Filter>Resources\Textures</Filter>
    </Image>
    <Image Include="..\..\Resources\Textures\Level04Floor.bmp">
      <Filter>Resources\Textures</Filter>
    </Image>
    <Image Include="..\..\Resources\Textures\Level04Wall.bmp">
      <Filter>Resources\Textures</Filter>
    </Image>
    <Image Include="..\..\Resources\Textures\OriginalExitLocked.bmp">
      <Filter>Resources\Textures</Filter>
    </Image>
    <Image Include="..\..\Resources\Textures\OriginalEntrance.bmp">
      <Filter>Resources\Textures</Filter>
    </Image>
    <Image Include="..\..\Resources\Textures\OriginalEntranceBack.bmp">
      <Filter>Resources\Textures</Filter>
    </Image>
    <Image Include="..\..\Resources\Textures\OriginalEntranceLocked.bmp">
      <Filter>Resources\Textures</Filter>
    </Image>
    <Image Include="..\..\Resources\Textures\OriginalExit.bmp">
      <Filter>Resources\Textures</Filter>
    </Image>
    <Image Include="..\..\Resources\Textures\OriginalExitBack.bmp">
      <Filter>Resources\Textures</Filter>
    </Image>
    <Image Include="..\..\Resources\Textures\Level00Text01.bmp">
      <Filter>Resources\Textures</Filter>
    </Image>
    <Image Include="..\..\Resources\Textures\Level00Text00.bmp">
      <Filter>Resources\Textures</Filter>
    </Image>
    <Image Include="..\..\Resources\Textures\Level00Text04.bmp">
      <Filter>Resources\Textures</Filter>
    </Image>
    <Image Include="..\..\Resources\Textures\Level00Text02.bmp">
      <Filter>Resources\Textures</Filter>
    </Image>
    <Image Include="..\..\Resources\Textures\Level00Text03.bmp">
      <Filter>Resources\Textures</Filter>
    </Image>
    <Image Include="..\..\Resources\Textures\Level01Text01.bmp">
      <Filter>Resources\Textures</Filter>
    </Image>
    <Image Include="..\..\Resources\Textures\Level04Key.bmp">
      <Filter>Resources\Textures</Filter>
    </Image>
    <Image Include="..\..\Resources\Textures\Level04Text02.bmp">
      <Filter>Resources\Textures</Filter>
    </Image>
    <Image Include="..\..\Resources\Textures\Level04Text01.bmp">
      <Filter>Resources\Textures</Filter>
    </Image>
  </ItemGroup>
</Project>